
Microsoft Visual Studio Solution File, Format Version 12.00
# Visual Studio Version 16
VisualStudioVersion = 16.0.30114.105
MinimumVisualStudioVersion = 10.0.40219.1
Project("{FAE04EC0-301F-11D3-BF4B-00C04F79EFBC}") = "App1", "App1\App1.csproj", "{F2275E4C-03D2-400C-9D5D-302950AB6781}"
EndProject
Project("{FAE04EC0-301F-11D3-BF4B-00C04F79EFBC}") = "App2", "App2\App2.csproj", "{A4F17426-5F7E-4B57-8305-F99B14B40698}"
EndProject
Global
	GlobalSection(SolutionConfigurationPlatforms) = preSolution
		Debug|Any CPU = Debug|Any CPU
		Release|Any CPU = Release|Any CPU
	EndGlobalSection
	GlobalSection(SolutionProperties) = preSolution
		HideSolutionNode = FALSE
	EndGlobalSection
	GlobalSection(ProjectConfigurationPlatforms) = postSolution
		{F2275E4C-03D2-400C-9D5D-302950AB6781}.Debug|Any CPU.ActiveCfg = Debug|Any CPU
		{F2275E4C-03D2-400C-9D5D-302950AB6781}.Debug|Any CPU.Build.0 = Debug|Any CPU
		{F2275E4C-03D2-400C-9D5D-302950AB6781}.Release|Any CPU.ActiveCfg = Release|Any CPU
		{F2275E4C-03D2-400C-9D5D-302950AB6781}.Release|Any CPU.Build.0 = Release|Any CPU
		{A4F17426-5F7E-4B57-8305-F99B14B40698}.Debug|Any CPU.ActiveCfg = Debug|Any CPU
		{A4F17426-5F7E-4B57-8305-F99B14B40698}.Debug|Any CPU.Build.0 = Debug|Any CPU
		{A4F17426-5F7E-4B57-8305-F99B14B40698}.Release|Any CPU.ActiveCfg = Release|Any CPU
		{A4F17426-5F7E-4B57-8305-F99B14B40698}.Release|Any CPU.Build.0 = Release|Any CPU
	EndGlobalSection
EndGlobal
